
Microsoft Visual Studio Solution File, Format Version 12.00
Project("{FAE04EC0-301F-11D3-BF4B-00C04F79EFBC}") = "TestEightQueen", "TestEightQueen\TestEightQueen.csproj", "{C467825F-F76C-46CB-AB55-C7EDB9C34427}"
EndProject
Global
	GlobalSection(SolutionConfigurationPlatforms) = preSolution
		Debug|Any CPU = Debug|Any CPU
		Release|Any CPU = Release|Any CPU
	EndGlobalSection
	GlobalSection(ProjectConfigurationPlatforms) = postSolution
		{C467825F-F76C-46CB-AB55-C7EDB9C34427}.Debug|Any CPU.ActiveCfg = Debug|Any CPU
		{C467825F-F76C-46CB-AB55-C7EDB9C34427}.Debug|Any CPU.Build.0 = Debug|Any CPU
		{C467825F-F76C-46CB-AB55-C7EDB9C34427}.Release|Any CPU.ActiveCfg = Release|Any CPU
		{C467825F-F76C-46CB-AB55-C7EDB9C34427}.Release|Any CPU.Build.0 = Release|Any CPU
	EndGlobalSection
EndGlobal
